// !$*UTF8*$!
{
	archiveVersion = 1;
	classes = {
	};
	objectVersion = 48;
	objects = {

/* Begin PBXBuildFile section */
		F512B7BF2109CE28006D26F6 /* CollectionViewCell.swift in Sources */ = {isa = PBXBuildFile; fileRef = F512B7BE2109CE28006D26F6 /* CollectionViewCell.swift */; };
		F512B7C12109E04C006D26F6 /* ViewCheckInPopUp.swift in Sources */ = {isa = PBXBuildFile; fileRef = F512B7C02109E04C006D26F6 /* ViewCheckInPopUp.swift */; };
		F570D6592105CAEA0069FF1F /* AppDelegate.swift in Sources */ = {isa = PBXBuildFile; fileRef = F570D6582105CAEA0069FF1F /* AppDelegate.swift */; };
		F570D65E2105CAEA0069FF1F /* Main.storyboard in Resources */ = {isa = PBXBuildFile; fileRef = F570D65C2105CAEA0069FF1F /* Main.storyboard */; };
		F570D6602105CAEA0069FF1F /* Assets.xcassets in Resources */ = {isa = PBXBuildFile; fileRef = F570D65F2105CAEA0069FF1F /* Assets.xcassets */; };
		F570D6632105CAEA0069FF1F /* LaunchScreen.storyboard in Resources */ = {isa = PBXBuildFile; fileRef = F570D6612105CAEA0069FF1F /* LaunchScreen.storyboard */; };
		F570D66B2105D3E60069FF1F /* DisplayGoals.swift in Sources */ = {isa = PBXBuildFile; fileRef = F570D66A2105D3E60069FF1F /* DisplayGoals.swift */; };
		F570D66D2105DD970069FF1F /* DisplayReflections.swift in Sources */ = {isa = PBXBuildFile; fileRef = F570D66C2105DD970069FF1F /* DisplayReflections.swift */; };
		F570D6712105E6380069FF1F /* Graph.swift in Sources */ = {isa = PBXBuildFile; fileRef = F570D6702105E6380069FF1F /* Graph.swift */; };
		F570D67521061C180069FF1F /* Goal.swift in Sources */ = {isa = PBXBuildFile; fileRef = F570D67421061C180069FF1F /* Goal.swift */; };
		F570D67921061CC30069FF1F /* AddGoal.swift in Sources */ = {isa = PBXBuildFile; fileRef = F570D67821061CC30069FF1F /* AddGoal.swift */; };
		F570D67B21062DF00069FF1F /* GlobalVariables.swift in Sources */ = {isa = PBXBuildFile; fileRef = F570D67A21062DF00069FF1F /* GlobalVariables.swift */; };
		F57272CB2109B040007FEFA8 /* CheckIn.swift in Sources */ = {isa = PBXBuildFile; fileRef = F57272CA2109B040007FEFA8 /* CheckIn.swift */; };
		F5754DB121071AB700F0883F /* DisplaySpecificGoal.swift in Sources */ = {isa = PBXBuildFile; fileRef = F5754DB021071AB700F0883F /* DisplaySpecificGoal.swift */; };
		F5754DB321072D2E00F0883F /* Reflection.swift in Sources */ = {isa = PBXBuildFile; fileRef = F5754DB221072D2E00F0883F /* Reflection.swift */; };
		F5B0B90B210A3DD100C6805A /* SecondTabBarController.swift in Sources */ = {isa = PBXBuildFile; fileRef = F5B0B90A210A3DD100C6805A /* SecondTabBarController.swift */; };
		F5B0B90D210A444600C6805A /* AddGuidedReflection.swift in Sources */ = {isa = PBXBuildFile; fileRef = F5B0B90C210A444600C6805A /* AddGuidedReflection.swift */; };
		F5B0B90F210A617300C6805A /* ThirdTabBarController.swift in Sources */ = {isa = PBXBuildFile; fileRef = F5B0B90E210A617300C6805A /* ThirdTabBarController.swift */; };
		F5B0B911210A627700C6805A /* Settings.swift in Sources */ = {isa = PBXBuildFile; fileRef = F5B0B910210A627700C6805A /* Settings.swift */; };
		F5B0B915210A630E00C6805A /* Colors.swift in Sources */ = {isa = PBXBuildFile; fileRef = F5B0B914210A630E00C6805A /* Colors.swift */; };
		F5B0B917210A66DD00C6805A /* DisplaySettings.swift in Sources */ = {isa = PBXBuildFile; fileRef = F5B0B916210A66DD00C6805A /* DisplaySettings.swift */; };
		F5C9FB8B2106CBBB000C5AB0 /* Test.swift in Sources */ = {isa = PBXBuildFile; fileRef = F5C9FB8A2106CBBB000C5AB0 /* Test.swift */; };
		F5D06937210873F0007DA764 /* AddReflection.swift in Sources */ = {isa = PBXBuildFile; fileRef = F5D06936210873F0007DA764 /* AddReflection.swift */; };
		F5D06939210879B2007DA764 /* GuidedReflection.swift in Sources */ = {isa = PBXBuildFile; fileRef = F5D06938210879B2007DA764 /* GuidedReflection.swift */; };
		F5D0693B21088425007DA764 /* DisplaySpecificReflection.swift in Sources */ = {isa = PBXBuildFile; fileRef = F5D0693A21088425007DA764 /* DisplaySpecificReflection.swift */; };
		F5D6322E2108E63000057481 /* AddCheckInPopUp.swift in Sources */ = {isa = PBXBuildFile; fileRef = F5D6322D2108E63000057481 /* AddCheckInPopUp.swift */; };
/* End PBXBuildFile section */

/* Begin PBXFileReference section */
		F512B7BE2109CE28006D26F6 /* CollectionViewCell.swift */ = {isa = PBXFileReference; lastKnownFileType = sourcecode.swift; path = CollectionViewCell.swift; sourceTree = "<group>"; };
		F512B7C02109E04C006D26F6 /* ViewCheckInPopUp.swift */ = {isa = PBXFileReference; lastKnownFileType = sourcecode.swift; path = ViewCheckInPopUp.swift; sourceTree = "<group>"; };
		F570D6552105CAEA0069FF1F /* CSIA.app */ = {isa = PBXFileReference; explicitFileType = wrapper.application; includeInIndex = 0; path = CSIA.app; sourceTree = BUILT_PRODUCTS_DIR; };
		F570D6582105CAEA0069FF1F /* AppDelegate.swift */ = {isa = PBXFileReference; lastKnownFileType = sourcecode.swift; path = AppDelegate.swift; sourceTree = "<group>"; };
		F570D65D2105CAEA0069FF1F /* Base */ = {isa = PBXFileReference; lastKnownFileType = file.storyboard; name = Base; path = Base.lproj/Main.storyboard; sourceTree = "<group>"; };
		F570D65F2105CAEA0069FF1F /* Assets.xcassets */ = {isa = PBXFileReference; lastKnownFileType = folder.assetcatalog; path = Assets.xcassets; sourceTree = "<group>"; };
		F570D6622105CAEA0069FF1F /* Base */ = {isa = PBXFileReference; lastKnownFileType = file.storyboard; name = Base; path = Base.lproj/LaunchScreen.storyboard; sourceTree = "<group>"; };
		F570D6642105CAEA0069FF1F /* Info.plist */ = {isa = PBXFileReference; lastKnownFileType = text.plist.xml; path = Info.plist; sourceTree = "<group>"; };
		F570D66A2105D3E60069FF1F /* DisplayGoals.swift */ = {isa = PBXFileReference; lastKnownFileType = sourcecode.swift; path = DisplayGoals.swift; sourceTree = "<group>"; };
		F570D66C2105DD970069FF1F /* DisplayReflections.swift */ = {isa = PBXFileReference; lastKnownFileType = sourcecode.swift; path = DisplayReflections.swift; sourceTree = "<group>"; };
		F570D6702105E6380069FF1F /* Graph.swift */ = {isa = PBXFileReference; lastKnownFileType = sourcecode.swift; path = Graph.swift; sourceTree = "<group>"; };
		F570D67421061C180069FF1F /* Goal.swift */ = {isa = PBXFileReference; lastKnownFileType = sourcecode.swift; path = Goal.swift; sourceTree = "<group>"; };
		F570D67821061CC30069FF1F /* AddGoal.swift */ = {isa = PBXFileReference; lastKnownFileType = sourcecode.swift; path = AddGoal.swift; sourceTree = "<group>"; };
		F570D67A21062DF00069FF1F /* GlobalVariables.swift */ = {isa = PBXFileReference; lastKnownFileType = sourcecode.swift; path = GlobalVariables.swift; sourceTree = "<group>"; };
		F57272CA2109B040007FEFA8 /* CheckIn.swift */ = {isa = PBXFileReference; lastKnownFileType = sourcecode.swift; path = CheckIn.swift; sourceTree = "<group>"; };
		F5754DB021071AB700F0883F /* DisplaySpecificGoal.swift */ = {isa = PBXFileReference; lastKnownFileType = sourcecode.swift; path = DisplaySpecificGoal.swift; sourceTree = "<group>"; };
		F5754DB221072D2E00F0883F /* Reflection.swift */ = {isa = PBXFileReference; lastKnownFileType = sourcecode.swift; path = Reflection.swift; sourceTree = "<group>"; };
		F5B0B90A210A3DD100C6805A /* SecondTabBarController.swift */ = {isa = PBXFileReference; lastKnownFileType = sourcecode.swift; path = SecondTabBarController.swift; sourceTree = "<group>"; };
		F5B0B90C210A444600C6805A /* AddGuidedReflection.swift */ = {isa = PBXFileReference; lastKnownFileType = sourcecode.swift; path = AddGuidedReflection.swift; sourceTree = "<group>"; };
		F5B0B90E210A617300C6805A /* ThirdTabBarController.swift */ = {isa = PBXFileReference; lastKnownFileType = sourcecode.swift; path = ThirdTabBarController.swift; sourceTree = "<group>"; };
		F5B0B910210A627700C6805A /* Settings.swift */ = {isa = PBXFileReference; lastKnownFileType = sourcecode.swift; path = Settings.swift; sourceTree = "<group>"; };
		F5B0B914210A630E00C6805A /* Colors.swift */ = {isa = PBXFileReference; lastKnownFileType = sourcecode.swift; path = Colors.swift; sourceTree = "<group>"; };
		F5B0B916210A66DD00C6805A /* DisplaySettings.swift */ = {isa = PBXFileReference; lastKnownFileType = sourcecode.swift; path = DisplaySettings.swift; sourceTree = "<group>"; };
		F5C9FB8A2106CBBB000C5AB0 /* Test.swift */ = {isa = PBXFileReference; lastKnownFileType = sourcecode.swift; path = Test.swift; sourceTree = "<group>"; };
		F5D06936210873F0007DA764 /* AddReflection.swift */ = {isa = PBXFileReference; lastKnownFileType = sourcecode.swift; path = AddReflection.swift; sourceTree = "<group>"; };
		F5D06938210879B2007DA764 /* GuidedReflection.swift */ = {isa = PBXFileReference; lastKnownFileType = sourcecode.swift; path = GuidedReflection.swift; sourceTree = "<group>"; };
		F5D0693A21088425007DA764 /* DisplaySpecificReflection.swift */ = {isa = PBXFileReference; lastKnownFileType = sourcecode.swift; path = DisplaySpecificReflection.swift; sourceTree = "<group>"; };
		F5D6322D2108E63000057481 /* AddCheckInPopUp.swift */ = {isa = PBXFileReference; lastKnownFileType = sourcecode.swift; path = AddCheckInPopUp.swift; sourceTree = "<group>"; };
/* End PBXFileReference section */

/* Begin PBXFrameworksBuildPhase section */
		F570D6522105CAEA0069FF1F /* Frameworks */ = {
			isa = PBXFrameworksBuildPhase;
			buildActionMask = 2147483647;
			files = (
			);
			runOnlyForDeploymentPostprocessing = 0;
		};
/* End PBXFrameworksBuildPhase section */

/* Begin PBXGroup section */
		F570D64C2105CAEA0069FF1F = {
			isa = PBXGroup;
			children = (
				F570D6572105CAEA0069FF1F /* CSIA */,
				F570D6562105CAEA0069FF1F /* Products */,
			);
			sourceTree = "<group>";
		};
		F570D6562105CAEA0069FF1F /* Products */ = {
			isa = PBXGroup;
			children = (
				F570D6552105CAEA0069FF1F /* CSIA.app */,
			);
			name = Products;
			sourceTree = "<group>";
		};
		F570D6572105CAEA0069FF1F /* CSIA */ = {
			isa = PBXGroup;
			children = (
				F570D6582105CAEA0069FF1F /* AppDelegate.swift */,
				F570D67A21062DF00069FF1F /* GlobalVariables.swift */,
				F570D67421061C180069FF1F /* Goal.swift */,
				F57272CA2109B040007FEFA8 /* CheckIn.swift */,
				F570D66A2105D3E60069FF1F /* DisplayGoals.swift */,
				F5754DB021071AB700F0883F /* DisplaySpecificGoal.swift */,
				F512B7BE2109CE28006D26F6 /* CollectionViewCell.swift */,
				F512B7C02109E04C006D26F6 /* ViewCheckInPopUp.swift */,
				F5D6322D2108E63000057481 /* AddCheckInPopUp.swift */,
				F570D6702105E6380069FF1F /* Graph.swift */,
				F570D67821061CC30069FF1F /* AddGoal.swift */,
				F5754DB221072D2E00F0883F /* Reflection.swift */,
				F5D06938210879B2007DA764 /* GuidedReflection.swift */,
				F570D66C2105DD970069FF1F /* DisplayReflections.swift */,
				F5D0693A21088425007DA764 /* DisplaySpecificReflection.swift */,
				F5D06936210873F0007DA764 /* AddReflection.swift */,
				F5B0B90C210A444600C6805A /* AddGuidedReflection.swift */,
				F570D65C2105CAEA0069FF1F /* Main.storyboard */,
				F5B0B916210A66DD00C6805A /* DisplaySettings.swift */,
				F5B0B910210A627700C6805A /* Settings.swift */,
				F5B0B914210A630E00C6805A /* Colors.swift */,
				F5B0B90E210A617300C6805A /* ThirdTabBarController.swift */,
				F5B0B90A210A3DD100C6805A /* SecondTabBarController.swift */,
				F5C9FB8A2106CBBB000C5AB0 /* Test.swift */,
				F570D65F2105CAEA0069FF1F /* Assets.xcassets */,
				F570D6612105CAEA0069FF1F /* LaunchScreen.storyboard */,
				F570D6642105CAEA0069FF1F /* Info.plist */,
			);
			path = CSIA;
			sourceTree = "<group>";
		};
/* End PBXGroup section */

/* Begin PBXNativeTarget section */
		F570D6542105CAEA0069FF1F /* CSIA */ = {
			isa = PBXNativeTarget;
			buildConfigurationList = F570D6672105CAEA0069FF1F /* Build configuration list for PBXNativeTarget "CSIA" */;
			buildPhases = (
				F570D6512105CAEA0069FF1F /* Sources */,
				F570D6522105CAEA0069FF1F /* Frameworks */,
				F570D6532105CAEA0069FF1F /* Resources */,
			);
			buildRules = (
			);
			dependencies = (
			);
			name = CSIA;
			productName = CSIA;
			productReference = F570D6552105CAEA0069FF1F /* CSIA.app */;
			productType = "com.apple.product-type.application";
		};
/* End PBXNativeTarget section */

/* Begin PBXProject section */
		F570D64D2105CAEA0069FF1F /* Project object */ = {
			isa = PBXProject;
			attributes = {
				LastSwiftUpdateCheck = 0920;
				LastUpgradeCheck = 0920;
				ORGANIZATIONNAME = "Emilio Encarnacion";
				TargetAttributes = {
					F570D6542105CAEA0069FF1F = {
						CreatedOnToolsVersion = 9.2;
						ProvisioningStyle = Automatic;
					};
				};
			};
			buildConfigurationList = F570D6502105CAEA0069FF1F /* Build configuration list for PBXProject "CSIA" */;
			compatibilityVersion = "Xcode 8.0";
			developmentRegion = en;
			hasScannedForEncodings = 0;
			knownRegions = (
				en,
				Base,
			);
			mainGroup = F570D64C2105CAEA0069FF1F;
			productRefGroup = F570D6562105CAEA0069FF1F /* Products */;
			projectDirPath = "";
			projectRoot = "";
			targets = (
				F570D6542105CAEA0069FF1F /* CSIA */,
			);
		};
/* End PBXProject section */

/* Begin PBXResourcesBuildPhase section */
		F570D6532105CAEA0069FF1F /* Resources */ = {
			isa = PBXResourcesBuildPhase;
			buildActionMask = 2147483647;
			files = (
				F570D6632105CAEA0069FF1F /* LaunchScreen.storyboard in Resources */,
				F570D6602105CAEA0069FF1F /* Assets.xcassets in Resources */,
				F570D65E2105CAEA0069FF1F /* Main.storyboard in Resources */,
			);
			runOnlyForDeploymentPostprocessing = 0;
		};
/* End PBXResourcesBuildPhase section */

/* Begin PBXSourcesBuildPhase section */
		F570D6512105CAEA0069FF1F /* Sources */ = {
			isa = PBXSourcesBuildPhase;
			buildActionMask = 2147483647;
			files = (
				F5B0B90D210A444600C6805A /* AddGuidedReflection.swift in Sources */,
				F5B0B915210A630E00C6805A /* Colors.swift in Sources */,
				F570D6712105E6380069FF1F /* Graph.swift in Sources */,
				F57272CB2109B040007FEFA8 /* CheckIn.swift in Sources */,
				F5754DB121071AB700F0883F /* DisplaySpecificGoal.swift in Sources */,
				F5B0B90B210A3DD100C6805A /* SecondTabBarController.swift in Sources */,
				F5D6322E2108E63000057481 /* AddCheckInPopUp.swift in Sources */,
				F512B7C12109E04C006D26F6 /* ViewCheckInPopUp.swift in Sources */,
				F5D06939210879B2007DA764 /* GuidedReflection.swift in Sources */,
				F570D66B2105D3E60069FF1F /* DisplayGoals.swift in Sources */,
				F5D06937210873F0007DA764 /* AddReflection.swift in Sources */,
				F5B0B917210A66DD00C6805A /* DisplaySettings.swift in Sources */,
				F5C9FB8B2106CBBB000C5AB0 /* Test.swift in Sources */,
				F570D67B21062DF00069FF1F /* GlobalVariables.swift in Sources */,
				F570D6592105CAEA0069FF1F /* AppDelegate.swift in Sources */,
				F512B7BF2109CE28006D26F6 /* CollectionViewCell.swift in Sources */,
				F570D67521061C180069FF1F /* Goal.swift in Sources */,
				F570D66D2105DD970069FF1F /* DisplayReflections.swift in Sources */,
				F5D0693B21088425007DA764 /* DisplaySpecificReflection.swift in Sources */,
				F5B0B90F210A617300C6805A /* ThirdTabBarController.swift in Sources */,
				F5B0B911210A627700C6805A /* Settings.swift in Sources */,
				F5754DB321072D2E00F0883F /* Reflection.swift in Sources */,
				F570D67921061CC30069FF1F /* AddGoal.swift in Sources */,
			);
			runOnlyForDeploymentPostprocessing = 0;
		};
/* End PBXSourcesBuildPhase section */

/* Begin PBXVariantGroup section */
		F570D65C2105CAEA0069FF1F /* Main.storyboard */ = {
			isa = PBXVariantGroup;
			children = (
				F570D65D2105CAEA0069FF1F /* Base */,
			);
			name = Main.storyboard;
			sourceTree = "<group>";
		};
		F570D6612105CAEA0069FF1F /* LaunchScreen.storyboard */ = {
			isa = PBXVariantGroup;
			children = (
				F570D6622105CAEA0069FF1F /* Base */,
			);
			name = LaunchScreen.storyboard;
			sourceTree = "<group>";
		};
/* End PBXVariantGroup section */

/* Begin XCBuildConfiguration section */
		F570D6652105CAEA0069FF1F /* Debug */ = {
			isa = XCBuildConfiguration;
			buildSettings = {
				ALWAYS_SEARCH_USER_PATHS = NO;
				CLANG_ANALYZER_NONNULL = YES;
				CLANG_ANALYZER_NUMBER_OBJECT_CONVERSION = YES_AGGRESSIVE;
				CLANG_CXX_LANGUAGE_STANDARD = "gnu++14";
				CLANG_CXX_LIBRARY = "libc++";
				CLANG_ENABLE_MODULES = YES;
				CLANG_ENABLE_OBJC_ARC = YES;
				CLANG_WARN_BLOCK_CAPTURE_AUTORELEASING = YES;
				CLANG_WARN_BOOL_CONVERSION = YES;
				CLANG_WARN_COMMA = YES;
				CLANG_WARN_CONSTANT_CONVERSION = YES;
				CLANG_WARN_DIRECT_OBJC_ISA_USAGE = YES_ERROR;
				CLANG_WARN_DOCUMENTATION_COMMENTS = YES;
				CLANG_WARN_EMPTY_BODY = YES;
				CLANG_WARN_ENUM_CONVERSION = YES;
				CLANG_WARN_INFINITE_RECURSION = YES;
				CLANG_WARN_INT_CONVERSION = YES;
				CLANG_WARN_NON_LITERAL_NULL_CONVERSION = YES;
				CLANG_WARN_OBJC_LITERAL_CONVERSION = YES;
				CLANG_WARN_OBJC_ROOT_CLASS = YES_ERROR;
				CLANG_WARN_RANGE_LOOP_ANALYSIS = YES;
				CLANG_WARN_STRICT_PROTOTYPES = YES;
				CLANG_WARN_SUSPICIOUS_MOVE = YES;
				CLANG_WARN_UNGUARDED_AVAILABILITY = YES_AGGRESSIVE;
				CLANG_WARN_UNREACHABLE_CODE = YES;
				CLANG_WARN__DUPLICATE_METHOD_MATCH = YES;
				CODE_SIGN_IDENTITY = "iPhone Developer";
				COPY_PHASE_STRIP = NO;
				DEBUG_INFORMATION_FORMAT = dwarf;
				ENABLE_STRICT_OBJC_MSGSEND = YES;
				ENABLE_TESTABILITY = YES;
				GCC_C_LANGUAGE_STANDARD = gnu11;
				GCC_DYNAMIC_NO_PIC = NO;
				GCC_NO_COMMON_BLOCKS = YES;
				GCC_OPTIMIZATION_LEVEL = 0;
				GCC_PREPROCESSOR_DEFINITIONS = (
					"DEBUG=1",
					"$(inherited)",
				);
				GCC_WARN_64_TO_32_BIT_CONVERSION = YES;
				GCC_WARN_ABOUT_RETURN_TYPE = YES_ERROR;
				GCC_WARN_UNDECLARED_SELECTOR = YES;
				GCC_WARN_UNINITIALIZED_AUTOS = YES_AGGRESSIVE;
				GCC_WARN_UNUSED_FUNCTION = YES;
				GCC_WARN_UNUSED_VARIABLE = YES;
				IPHONEOS_DEPLOYMENT_TARGET = 11.2;
				MTL_ENABLE_DEBUG_INFO = YES;
				ONLY_ACTIVE_ARCH = YES;
				SDKROOT = iphoneos;
				SWIFT_ACTIVE_COMPILATION_CONDITIONS = DEBUG;
				SWIFT_OPTIMIZATION_LEVEL = "-Onone";
			};
			name = Debug;
		};
		F570D6662105CAEA0069FF1F /* Release */ = {
			isa = XCBuildConfiguration;
			buildSettings = {
				ALWAYS_SEARCH_USER_PATHS = NO;
				CLANG_ANALYZER_NONNULL = YES;
				CLANG_ANALYZER_NUMBER_OBJECT_CONVERSION = YES_AGGRESSIVE;
				CLANG_CXX_LANGUAGE_STANDARD = "gnu++14";
				CLANG_CXX_LIBRARY = "libc++";
				CLANG_ENABLE_MODULES = YES;
				CLANG_ENABLE_OBJC_ARC = YES;
				CLANG_WARN_BLOCK_CAPTURE_AUTORELEASING = YES;
				CLANG_WARN_BOOL_CONVERSION = YES;
				CLANG_WARN_COMMA = YES;
				CLANG_WARN_CONSTANT_CONVERSION = YES;
				CLANG_WARN_DIRECT_OBJC_ISA_USAGE = YES_ERROR;
				CLANG_WARN_DOCUMENTATION_COMMENTS = YES;
				CLANG_WARN_EMPTY_BODY = YES;
				CLANG_WARN_ENUM_CONVERSION = YES;
				CLANG_WARN_INFINITE_RECURSION = YES;
				CLANG_WARN_INT_CONVERSION = YES;
				CLANG_WARN_NON_LITERAL_NULL_CONVERSION = YES;
				CLANG_WARN_OBJC_LITERAL_CONVERSION = YES;
				CLANG_WARN_OBJC_ROOT_CLASS = YES_ERROR;
				CLANG_WARN_RANGE_LOOP_ANALYSIS = YES;
				CLANG_WARN_STRICT_PROTOTYPES = YES;
				CLANG_WARN_SUSPICIOUS_MOVE = YES;
				CLANG_WARN_UNGUARDED_AVAILABILITY = YES_AGGRESSIVE;
				CLANG_WARN_UNREACHABLE_CODE = YES;
				CLANG_WARN__DUPLICATE_METHOD_MATCH = YES;
				CODE_SIGN_IDENTITY = "iPhone Developer";
				COPY_PHASE_STRIP = NO;
				DEBUG_INFORMATION_FORMAT = "dwarf-with-dsym";
				ENABLE_NS_ASSERTIONS = NO;
				ENABLE_STRICT_OBJC_MSGSEND = YES;
				GCC_C_LANGUAGE_STANDARD = gnu11;
				GCC_NO_COMMON_BLOCKS = YES;
				GCC_WARN_64_TO_32_BIT_CONVERSION = YES;
				GCC_WARN_ABOUT_RETURN_TYPE = YES_ERROR;
				GCC_WARN_UNDECLARED_SELECTOR = YES;
				GCC_WARN_UNINITIALIZED_AUTOS = YES_AGGRESSIVE;
				GCC_WARN_UNUSED_FUNCTION = YES;
				GCC_WARN_UNUSED_VARIABLE = YES;
				IPHONEOS_DEPLOYMENT_TARGET = 11.2;
				MTL_ENABLE_DEBUG_INFO = NO;
				SDKROOT = iphoneos;
				SWIFT_OPTIMIZATION_LEVEL = "-Owholemodule";
				VALIDATE_PRODUCT = YES;
			};
			name = Release;
		};
		F570D6682105CAEA0069FF1F /* Debug */ = {
			isa = XCBuildConfiguration;
			buildSettings = {
				ASSETCATALOG_COMPILER_APPICON_NAME = AppIcon;
				CODE_SIGN_STYLE = Automatic;
				INFOPLIST_FILE = CSIA/Info.plist;
				LD_RUNPATH_SEARCH_PATHS = "$(inherited) @executable_path/Frameworks";
				PRODUCT_BUNDLE_IDENTIFIER = emizemi.CSIA;
				PRODUCT_NAME = "$(TARGET_NAME)";
				SWIFT_VERSION = 4.0;
				TARGETED_DEVICE_FAMILY = "1,2";
			};
			name = Debug;
		};
		F570D6692105CAEA0069FF1F /* Release */ = {
			isa = XCBuildConfiguration;
			buildSettings = {
				ASSETCATALOG_COMPILER_APPICON_NAME = AppIcon;
				CODE_SIGN_STYLE = Automatic;
				INFOPLIST_FILE = CSIA/Info.plist;
				LD_RUNPATH_SEARCH_PATHS = "$(inherited) @executable_path/Frameworks";
				PRODUCT_BUNDLE_IDENTIFIER = emizemi.CSIA;
				PRODUCT_NAME = "$(TARGET_NAME)";
				SWIFT_VERSION = 4.0;
				TARGETED_DEVICE_FAMILY = "1,2";
			};
			name = Release;
		};
/* End XCBuildConfiguration section */

/* Begin XCConfigurationList section */
		F570D6502105CAEA0069FF1F /* Build configuration list for PBXProject "CSIA" */ = {
			isa = XCConfigurationList;
			buildConfigurations = (
				F570D6652105CAEA0069FF1F /* Debug */,
				F570D6662105CAEA0069FF1F /* Release */,
			);
			defaultConfigurationIsVisible = 0;
			defaultConfigurationName = Release;
		};
		F570D6672105CAEA0069FF1F /* Build configuration list for PBXNativeTarget "CSIA" */ = {
			isa = XCConfigurationList;
			buildConfigurations = (
				F570D6682105CAEA0069FF1F /* Debug */,
				F570D6692105CAEA0069FF1F /* Release */,
			);
			defaultConfigurationIsVisible = 0;
			defaultConfigurationName = Release;
		};
/* End XCConfigurationList section */
	};
	rootObject = F570D64D2105CAEA0069FF1F /* Project object */;
}
